// !$*UTF8*$!
{
	archiveVersion = 1;
	classes = {
	};
	objectVersion = 48;
	objects = {

/* Begin PBXBuildFile section */
		5A20550320177EDD0034EF33 /* Extensions.swift in Sources */ = {isa = PBXBuildFile; fileRef = 5A20550220177EDD0034EF33 /* Extensions.swift */; };
		5A245F5A20B5B25F004A1951 /* MCNPOutput.swift in Sources */ = {isa = PBXBuildFile; fileRef = 5A245F5920B5B25F004A1951 /* MCNPOutput.swift */; };
		5A3C1612200E30C2004E281A /* AppDelegate.swift in Sources */ = {isa = PBXBuildFile; fileRef = 5A3C1611200E30C2004E281A /* AppDelegate.swift */; };
		5A3C1614200E30C2004E281A /* ViewController.swift in Sources */ = {isa = PBXBuildFile; fileRef = 5A3C1613200E30C2004E281A /* ViewController.swift */; };
		5A3C1616200E30C2004E281A /* Assets.xcassets in Resources */ = {isa = PBXBuildFile; fileRef = 5A3C1615200E30C2004E281A /* Assets.xcassets */; };
		5A3C1619200E30C2004E281A /* Main.storyboard in Resources */ = {isa = PBXBuildFile; fileRef = 5A3C1617200E30C2004E281A /* Main.storyboard */; };
		5A3C1626200E87EE004E281A /* CounterFrontView.swift in Sources */ = {isa = PBXBuildFile; fileRef = 5A3C1625200E87EE004E281A /* CounterFrontView.swift */; };
		5A4E7DB720BC9E6700092145 /* CounterType.swift in Sources */ = {isa = PBXBuildFile; fileRef = 5A4E7DB620BC9E6700092145 /* CounterType.swift */; };
		5A7DB3622011191D00A0209E /* ProjectionView.swift in Sources */ = {isa = PBXBuildFile; fileRef = 5A7DB3612011191D00A0209E /* ProjectionView.swift */; };
		5A8465FD20BF297200BCC3C0 /* SourceType.swift in Sources */ = {isa = PBXBuildFile; fileRef = 5A8465FC20BF297200BCC3C0 /* SourceType.swift */; };
		5A8465FF20BF2DFE00BCC3C0 /* SourceView.swift in Sources */ = {isa = PBXBuildFile; fileRef = 5A8465FE20BF2DFE00BCC3C0 /* SourceView.swift */; };
		5A84660120C8191600BCC3C0 /* SourceIsotope.swift in Sources */ = {isa = PBXBuildFile; fileRef = 5A84660020C8191600BCC3C0 /* SourceIsotope.swift */; };
		5AEAB59720AF22E3006EF80E /* Counter.swift in Sources */ = {isa = PBXBuildFile; fileRef = 5AEAB59620AF22E3006EF80E /* Counter.swift */; };
		65036BFA25E1086F00856D7E /* Chamber.swift in Sources */ = {isa = PBXBuildFile; fileRef = 65036BF925E1086F00856D7E /* Chamber.swift */; };
		65181B9C20EB70830058755F /* Shield.swift in Sources */ = {isa = PBXBuildFile; fileRef = 65181B9B20EB70830058755F /* Shield.swift */; };
		65181BA220EBB66C0058755F /* CountersLayerViewItem.swift in Sources */ = {isa = PBXBuildFile; fileRef = 65181BA020EBB66C0058755F /* CountersLayerViewItem.swift */; };
		65181BA320EBB66C0058755F /* CountersLayerViewItem.xib in Resources */ = {isa = PBXBuildFile; fileRef = 65181BA120EBB66C0058755F /* CountersLayerViewItem.xib */; };
		65181BA520EBC56F0058755F /* CountersLayer.swift in Sources */ = {isa = PBXBuildFile; fileRef = 65181BA420EBC56F0058755F /* CountersLayer.swift */; };
		6518DB7720B69FC4000B5C2A /* MCNPRun.swift in Sources */ = {isa = PBXBuildFile; fileRef = 6518DB7620B69FC4000B5C2A /* MCNPRun.swift */; };
		656C1392229D475E00749A03 /* ScintillatorView.swift in Sources */ = {isa = PBXBuildFile; fileRef = 656C1391229D475E00749A03 /* ScintillatorView.swift */; };
		656C1394229D5ABF00749A03 /* Scintillator.swift in Sources */ = {isa = PBXBuildFile; fileRef = 656C1393229D5ABF00749A03 /* Scintillator.swift */; };
		65A2396220BC3DFA00F0D64E /* CounterSideView.swift in Sources */ = {isa = PBXBuildFile; fileRef = 65A2396120BC3DFA00F0D64E /* CounterSideView.swift */; };
		65A2396420BC424F00F0D64E /* CounterView.swift in Sources */ = {isa = PBXBuildFile; fileRef = 65A2396320BC424F00F0D64E /* CounterView.swift */; };
		65C846412013B49E00E84562 /* MCNPInput.swift in Sources */ = {isa = PBXBuildFile; fileRef = 65C846402013B49E00E84562 /* MCNPInput.swift */; };
		65DFC592203075B800B55062 /* ChamberView.swift in Sources */ = {isa = PBXBuildFile; fileRef = 65DFC591203075B800B55062 /* ChamberView.swift */; };
		65DFC5942030784400B55062 /* GridView.swift in Sources */ = {isa = PBXBuildFile; fileRef = 65DFC5932030784400B55062 /* GridView.swift */; };
		65DFC59620307B1200B55062 /* GeometryWindow.swift in Sources */ = {isa = PBXBuildFile; fileRef = 65DFC59520307B1200B55062 /* GeometryWindow.swift */; };
/* End PBXBuildFile section */

/* Begin PBXFileReference section */
		5A20550220177EDD0034EF33 /* Extensions.swift */ = {isa = PBXFileReference; lastKnownFileType = sourcecode.swift; path = Extensions.swift; sourceTree = "<group>"; };
		5A245F5920B5B25F004A1951 /* MCNPOutput.swift */ = {isa = PBXFileReference; lastKnownFileType = sourcecode.swift; path = MCNPOutput.swift; sourceTree = "<group>"; };
		5A3C160E200E30C2004E281A /* NeutronGeometry.app */ = {isa = PBXFileReference; explicitFileType = wrapper.application; includeInIndex = 0; path = NeutronGeometry.app; sourceTree = BUILT_PRODUCTS_DIR; };
		5A3C1611200E30C2004E281A /* AppDelegate.swift */ = {isa = PBXFileReference; lastKnownFileType = sourcecode.swift; path = AppDelegate.swift; sourceTree = "<group>"; };
		5A3C1613200E30C2004E281A /* ViewController.swift */ = {isa = PBXFileReference; lastKnownFileType = sourcecode.swift; path = ViewController.swift; sourceTree = "<group>"; };
		5A3C1615200E30C2004E281A /* Assets.xcassets */ = {isa = PBXFileReference; lastKnownFileType = folder.assetcatalog; path = Assets.xcassets; sourceTree = "<group>"; };
		5A3C1618200E30C2004E281A /* Base */ = {isa = PBXFileReference; lastKnownFileType = file.storyboard; name = Base; path = Base.lproj/Main.storyboard; sourceTree = "<group>"; };
		5A3C161A200E30C2004E281A /* Info.plist */ = {isa = PBXFileReference; lastKnownFileType = text.plist.xml; path = Info.plist; sourceTree = "<group>"; };
		5A3C161B200E30C2004E281A /* NeutronGeometry.entitlements */ = {isa = PBXFileReference; lastKnownFileType = text.plist.entitlements; path = NeutronGeometry.entitlements; sourceTree = "<group>"; };
		5A3C1625200E87EE004E281A /* CounterFrontView.swift */ = {isa = PBXFileReference; lastKnownFileType = sourcecode.swift; path = CounterFrontView.swift; sourceTree = "<group>"; };
		5A4E7DB620BC9E6700092145 /* CounterType.swift */ = {isa = PBXFileReference; lastKnownFileType = sourcecode.swift; path = CounterType.swift; sourceTree = "<group>"; };
		5A7DB3612011191D00A0209E /* ProjectionView.swift */ = {isa = PBXFileReference; lastKnownFileType = sourcecode.swift; path = ProjectionView.swift; sourceTree = "<group>"; };
		5A8465FC20BF297200BCC3C0 /* SourceType.swift */ = {isa = PBXFileReference; lastKnownFileType = sourcecode.swift; path = SourceType.swift; sourceTree = "<group>"; };
		5A8465FE20BF2DFE00BCC3C0 /* SourceView.swift */ = {isa = PBXFileReference; lastKnownFileType = sourcecode.swift; path = SourceView.swift; sourceTree = "<group>"; };
		5A84660020C8191600BCC3C0 /* SourceIsotope.swift */ = {isa = PBXFileReference; lastKnownFileType = sourcecode.swift; path = SourceIsotope.swift; sourceTree = "<group>"; };
		5AEAB59620AF22E3006EF80E /* Counter.swift */ = {isa = PBXFileReference; lastKnownFileType = sourcecode.swift; path = Counter.swift; sourceTree = "<group>"; };
		65036BF925E1086F00856D7E /* Chamber.swift */ = {isa = PBXFileReference; lastKnownFileType = sourcecode.swift; path = Chamber.swift; sourceTree = "<group>"; };
		65181B9B20EB70830058755F /* Shield.swift */ = {isa = PBXFileReference; lastKnownFileType = sourcecode.swift; path = Shield.swift; sourceTree = "<group>"; };
		65181BA020EBB66C0058755F /* CountersLayerViewItem.swift */ = {isa = PBXFileReference; lastKnownFileType = sourcecode.swift; path = CountersLayerViewItem.swift; sourceTree = "<group>"; };
		65181BA120EBB66C0058755F /* CountersLayerViewItem.xib */ = {isa = PBXFileReference; lastKnownFileType = file.xib; path = CountersLayerViewItem.xib; sourceTree = "<group>"; };
		65181BA420EBC56F0058755F /* CountersLayer.swift */ = {isa = PBXFileReference; lastKnownFileType = sourcecode.swift; path = CountersLayer.swift; sourceTree = "<group>"; };
		6518DB7620B69FC4000B5C2A /* MCNPRun.swift */ = {isa = PBXFileReference; lastKnownFileType = sourcecode.swift; path = MCNPRun.swift; sourceTree = "<group>"; };
		656C1391229D475E00749A03 /* ScintillatorView.swift */ = {isa = PBXFileReference; lastKnownFileType = sourcecode.swift; path = ScintillatorView.swift; sourceTree = "<group>"; };
		656C1393229D5ABF00749A03 /* Scintillator.swift */ = {isa = PBXFileReference; lastKnownFileType = sourcecode.swift; path = Scintillator.swift; sourceTree = "<group>"; };
		65A2396120BC3DFA00F0D64E /* CounterSideView.swift */ = {isa = PBXFileReference; lastKnownFileType = sourcecode.swift; path = CounterSideView.swift; sourceTree = "<group>"; };
		65A2396320BC424F00F0D64E /* CounterView.swift */ = {isa = PBXFileReference; lastKnownFileType = sourcecode.swift; path = CounterView.swift; sourceTree = "<group>"; };
		65C846402013B49E00E84562 /* MCNPInput.swift */ = {isa = PBXFileReference; lastKnownFileType = sourcecode.swift; path = MCNPInput.swift; sourceTree = "<group>"; };
		65DFC591203075B800B55062 /* ChamberView.swift */ = {isa = PBXFileReference; lastKnownFileType = sourcecode.swift; path = ChamberView.swift; sourceTree = "<group>"; };
		65DFC5932030784400B55062 /* GridView.swift */ = {isa = PBXFileReference; lastKnownFileType = sourcecode.swift; path = GridView.swift; sourceTree = "<group>"; };
		65DFC59520307B1200B55062 /* GeometryWindow.swift */ = {isa = PBXFileReference; lastKnownFileType = sourcecode.swift; path = GeometryWindow.swift; sourceTree = "<group>"; };
/* End PBXFileReference section */

/* Begin PBXFrameworksBuildPhase section */
		5A3C160B200E30C2004E281A /* Frameworks */ = {
			isa = PBXFrameworksBuildPhase;
			buildActionMask = 2147483647;
			files = (
			);
			runOnlyForDeploymentPostprocessing = 0;
		};
/* End PBXFrameworksBuildPhase section */

/* Begin PBXGroup section */
		5A3C1605200E30C1004E281A = {
			isa = PBXGroup;
			children = (
				5A3C1610200E30C2004E281A /* NeutronGeometry */,
				5A3C160F200E30C2004E281A /* Products */,
			);
			sourceTree = "<group>";
		};
		5A3C160F200E30C2004E281A /* Products */ = {
			isa = PBXGroup;
			children = (
				5A3C160E200E30C2004E281A /* NeutronGeometry.app */,
			);
			name = Products;
			sourceTree = "<group>";
		};
		5A3C1610200E30C2004E281A /* NeutronGeometry */ = {
			isa = PBXGroup;
			children = (
				65A2396720BC436500F0D64E /* Model */,
				65A2396520BC42AE00F0D64E /* View */,
				65A2396820BC436D00F0D64E /* Controller */,
				65A2396620BC430400F0D64E /* MCNP */,
				5A3C1611200E30C2004E281A /* AppDelegate.swift */,
				5A20550220177EDD0034EF33 /* Extensions.swift */,
				5A3C1615200E30C2004E281A /* Assets.xcassets */,
				5A3C161A200E30C2004E281A /* Info.plist */,
				5A3C161B200E30C2004E281A /* NeutronGeometry.entitlements */,
			);
			path = NeutronGeometry;
			sourceTree = "<group>";
		};
		65A2396520BC42AE00F0D64E /* View */ = {
			isa = PBXGroup;
			children = (
				5A3C1617200E30C2004E281A /* Main.storyboard */,
				65181BA020EBB66C0058755F /* CountersLayerViewItem.swift */,
				65181BA120EBB66C0058755F /* CountersLayerViewItem.xib */,
				65DFC59520307B1200B55062 /* GeometryWindow.swift */,
				65DFC591203075B800B55062 /* ChamberView.swift */,
				656C1391229D475E00749A03 /* ScintillatorView.swift */,
				5A7DB3612011191D00A0209E /* ProjectionView.swift */,
				65DFC5932030784400B55062 /* GridView.swift */,
				65A2396320BC424F00F0D64E /* CounterView.swift */,
				5A8465FE20BF2DFE00BCC3C0 /* SourceView.swift */,
				5A3C1625200E87EE004E281A /* CounterFrontView.swift */,
				65A2396120BC3DFA00F0D64E /* CounterSideView.swift */,
			);
			path = View;
			sourceTree = "<group>";
		};
		65A2396620BC430400F0D64E /* MCNP */ = {
			isa = PBXGroup;
			children = (
				65C846402013B49E00E84562 /* MCNPInput.swift */,
				5A245F5920B5B25F004A1951 /* MCNPOutput.swift */,
				6518DB7620B69FC4000B5C2A /* MCNPRun.swift */,
			);
			path = MCNP;
			sourceTree = "<group>";
		};
		65A2396720BC436500F0D64E /* Model */ = {
			isa = PBXGroup;
			children = (
				5A8465FC20BF297200BCC3C0 /* SourceType.swift */,
				5A84660020C8191600BCC3C0 /* SourceIsotope.swift */,
				5A4E7DB620BC9E6700092145 /* CounterType.swift */,
				5AEAB59620AF22E3006EF80E /* Counter.swift */,
				65181B9B20EB70830058755F /* Shield.swift */,
				656C1393229D5ABF00749A03 /* Scintillator.swift */,
				65181BA420EBC56F0058755F /* CountersLayer.swift */,
				65036BF925E1086F00856D7E /* Chamber.swift */,
			);
			path = Model;
			sourceTree = "<group>";
		};
		65A2396820BC436D00F0D64E /* Controller */ = {
			isa = PBXGroup;
			children = (
				5A3C1613200E30C2004E281A /* ViewController.swift */,
			);
			path = Controller;
			sourceTree = "<group>";
		};
/* End PBXGroup section */

/* Begin PBXNativeTarget section */
		5A3C160D200E30C2004E281A /* NeutronGeometry */ = {
			isa = PBXNativeTarget;
			buildConfigurationList = 5A3C161E200E30C2004E281A /* Build configuration list for PBXNativeTarget "NeutronGeometry" */;
			buildPhases = (
				5A3C160A200E30C2004E281A /* Sources */,
				5A3C160B200E30C2004E281A /* Frameworks */,
				5A3C160C200E30C2004E281A /* Resources */,
			);
			buildRules = (
			);
			dependencies = (
			);
			name = NeutronGeometry;
			productName = NeutronGeometry;
			productReference = 5A3C160E200E30C2004E281A /* NeutronGeometry.app */;
			productType = "com.apple.product-type.application";
		};
/* End PBXNativeTarget section */

/* Begin PBXProject section */
		5A3C1606200E30C1004E281A /* Project object */ = {
			isa = PBXProject;
			attributes = {
				LastSwiftUpdateCheck = 0920;
				LastUpgradeCheck = 1230;
				ORGANIZATIONNAME = "Flerov Laboratory";
				TargetAttributes = {
					5A3C160D200E30C2004E281A = {
						CreatedOnToolsVersion = 9.2;
						LastSwiftMigration = 1230;
						ProvisioningStyle = Manual;
						SystemCapabilities = {
							com.apple.Sandbox = {
								enabled = 0;
							};
						};
					};
				};
			};
			buildConfigurationList = 5A3C1609200E30C1004E281A /* Build configuration list for PBXProject "NeutronGeometry" */;
			compatibilityVersion = "Xcode 8.0";
			developmentRegion = en;
			hasScannedForEncodings = 0;
			knownRegions = (
				en,
				Base,
			);
			mainGroup = 5A3C1605200E30C1004E281A;
			productRefGroup = 5A3C160F200E30C2004E281A /* Products */;
			projectDirPath = "";
			projectRoot = "";
			targets = (
				5A3C160D200E30C2004E281A /* NeutronGeometry */,
			);
		};
/* End PBXProject section */

/* Begin PBXResourcesBuildPhase section */
		5A3C160C200E30C2004E281A /* Resources */ = {
			isa = PBXResourcesBuildPhase;
			buildActionMask = 2147483647;
			files = (
				5A3C1616200E30C2004E281A /* Assets.xcassets in Resources */,
				65181BA320EBB66C0058755F /* CountersLayerViewItem.xib in Resources */,
				5A3C1619200E30C2004E281A /* Main.storyboard in Resources */,
			);
			runOnlyForDeploymentPostprocessing = 0;
		};
/* End PBXResourcesBuildPhase section */

/* Begin PBXSourcesBuildPhase section */
		5A3C160A200E30C2004E281A /* Sources */ = {
			isa = PBXSourcesBuildPhase;
			buildActionMask = 2147483647;
			files = (
				5AEAB59720AF22E3006EF80E /* Counter.swift in Sources */,
				5A245F5A20B5B25F004A1951 /* MCNPOutput.swift in Sources */,
				65181B9C20EB70830058755F /* Shield.swift in Sources */,
				5A3C1614200E30C2004E281A /* ViewController.swift in Sources */,
				65181BA220EBB66C0058755F /* CountersLayerViewItem.swift in Sources */,
				65A2396420BC424F00F0D64E /* CounterView.swift in Sources */,
				656C1392229D475E00749A03 /* ScintillatorView.swift in Sources */,
				5A20550320177EDD0034EF33 /* Extensions.swift in Sources */,
				65DFC5942030784400B55062 /* GridView.swift in Sources */,
				5A3C1612200E30C2004E281A /* AppDelegate.swift in Sources */,
				5A3C1626200E87EE004E281A /* CounterFrontView.swift in Sources */,
				5A4E7DB720BC9E6700092145 /* CounterType.swift in Sources */,
				6518DB7720B69FC4000B5C2A /* MCNPRun.swift in Sources */,
				65DFC592203075B800B55062 /* ChamberView.swift in Sources */,
				65C846412013B49E00E84562 /* MCNPInput.swift in Sources */,
				65A2396220BC3DFA00F0D64E /* CounterSideView.swift in Sources */,
				5A7DB3622011191D00A0209E /* ProjectionView.swift in Sources */,
				5A8465FD20BF297200BCC3C0 /* SourceType.swift in Sources */,
				65036BFA25E1086F00856D7E /* Chamber.swift in Sources */,
				656C1394229D5ABF00749A03 /* Scintillator.swift in Sources */,
				65DFC59620307B1200B55062 /* GeometryWindow.swift in Sources */,
				5A84660120C8191600BCC3C0 /* SourceIsotope.swift in Sources */,
				5A8465FF20BF2DFE00BCC3C0 /* SourceView.swift in Sources */,
				65181BA520EBC56F0058755F /* CountersLayer.swift in Sources */,
			);
			runOnlyForDeploymentPostprocessing = 0;
		};
/* End PBXSourcesBuildPhase section */

/* Begin PBXVariantGroup section */
		5A3C1617200E30C2004E281A /* Main.storyboard */ = {
			isa = PBXVariantGroup;
			children = (
				5A3C1618200E30C2004E281A /* Base */,
			);
			name = Main.storyboard;
			sourceTree = "<group>";
		};
/* End PBXVariantGroup section */

/* Begin XCBuildConfiguration section */
		5A3C161C200E30C2004E281A /* Debug */ = {
			isa = XCBuildConfiguration;
			buildSettings = {
				ALWAYS_SEARCH_USER_PATHS = NO;
				CLANG_ANALYZER_NONNULL = YES;
				CLANG_ANALYZER_NUMBER_OBJECT_CONVERSION = YES_AGGRESSIVE;
				CLANG_CXX_LANGUAGE_STANDARD = "gnu++14";
				CLANG_CXX_LIBRARY = "libc++";
				CLANG_ENABLE_MODULES = YES;
				CLANG_ENABLE_OBJC_ARC = YES;
				CLANG_WARN_BLOCK_CAPTURE_AUTORELEASING = YES;
				CLANG_WARN_BOOL_CONVERSION = YES;
				CLANG_WARN_COMMA = YES;
				CLANG_WARN_CONSTANT_CONVERSION = YES;
				CLANG_WARN_DEPRECATED_OBJC_IMPLEMENTATIONS = YES;
				CLANG_WARN_DIRECT_OBJC_ISA_USAGE = YES_ERROR;
				CLANG_WARN_DOCUMENTATION_COMMENTS = YES;
				CLANG_WARN_EMPTY_BODY = YES;
				CLANG_WARN_ENUM_CONVERSION = YES;
				CLANG_WARN_INFINITE_RECURSION = YES;
				CLANG_WARN_INT_CONVERSION = YES;
				CLANG_WARN_NON_LITERAL_NULL_CONVERSION = YES;
				CLANG_WARN_OBJC_IMPLICIT_RETAIN_SELF = YES;
				CLANG_WARN_OBJC_LITERAL_CONVERSION = YES;
				CLANG_WARN_OBJC_ROOT_CLASS = YES_ERROR;
				CLANG_WARN_QUOTED_INCLUDE_IN_FRAMEWORK_HEADER = YES;
				CLANG_WARN_RANGE_LOOP_ANALYSIS = YES;
				CLANG_WARN_STRICT_PROTOTYPES = YES;
				CLANG_WARN_SUSPICIOUS_MOVE = YES;
				CLANG_WARN_UNGUARDED_AVAILABILITY = YES_AGGRESSIVE;
				CLANG_WARN_UNREACHABLE_CODE = YES;
				CLANG_WARN__DUPLICATE_METHOD_MATCH = YES;
				CODE_SIGN_IDENTITY = "";
				CODE_SIGN_INJECT_BASE_ENTITLEMENTS = NO;
				CODE_SIGN_STYLE = Manual;
				COPY_PHASE_STRIP = NO;
				DEBUG_INFORMATION_FORMAT = dwarf;
				ENABLE_STRICT_OBJC_MSGSEND = YES;
				ENABLE_TESTABILITY = YES;
				GCC_C_LANGUAGE_STANDARD = gnu11;
				GCC_DYNAMIC_NO_PIC = NO;
				GCC_NO_COMMON_BLOCKS = YES;
				GCC_OPTIMIZATION_LEVEL = 0;
				GCC_PREPROCESSOR_DEFINITIONS = (
					"DEBUG=1",
					"$(inherited)",
				);
				GCC_WARN_64_TO_32_BIT_CONVERSION = YES;
				GCC_WARN_ABOUT_RETURN_TYPE = YES_ERROR;
				GCC_WARN_UNDECLARED_SELECTOR = YES;
				GCC_WARN_UNINITIALIZED_AUTOS = YES_AGGRESSIVE;
				GCC_WARN_UNUSED_FUNCTION = YES;
				GCC_WARN_UNUSED_VARIABLE = YES;
				MACOSX_DEPLOYMENT_TARGET = 10.12;
				MTL_ENABLE_DEBUG_INFO = YES;
				ONLY_ACTIVE_ARCH = YES;
				SDKROOT = macosx;
				SWIFT_ACTIVE_COMPILATION_CONDITIONS = DEBUG;
				SWIFT_OPTIMIZATION_LEVEL = "-Onone";
			};
			name = Debug;
		};
		5A3C161D200E30C2004E281A /* Release */ = {
			isa = XCBuildConfiguration;
			buildSettings = {
				ALWAYS_SEARCH_USER_PATHS = NO;
				CLANG_ANALYZER_NONNULL = YES;
				CLANG_ANALYZER_NUMBER_OBJECT_CONVERSION = YES_AGGRESSIVE;
				CLANG_CXX_LANGUAGE_STANDARD = "gnu++14";
				CLANG_CXX_LIBRARY = "libc++";
				CLANG_ENABLE_MODULES = YES;
				CLANG_ENABLE_OBJC_ARC = YES;
				CLANG_WARN_BLOCK_CAPTURE_AUTORELEASING = YES;
				CLANG_WARN_BOOL_CONVERSION = YES;
				CLANG_WARN_COMMA = YES;
				CLANG_WARN_CONSTANT_CONVERSION = YES;
				CLANG_WARN_DEPRECATED_OBJC_IMPLEMENTATIONS = YES;
				CLANG_WARN_DIRECT_OBJC_ISA_USAGE = YES_ERROR;
				CLANG_WARN_DOCUMENTATION_COMMENTS = YES;
				CLANG_WARN_EMPTY_BODY = YES;
				CLANG_WARN_ENUM_CONVERSION = YES;
				CLANG_WARN_INFINITE_RECURSION = YES;
				CLANG_WARN_INT_CONVERSION = YES;
				CLANG_WARN_NON_LITERAL_NULL_CONVERSION = YES;
				CLANG_WARN_OBJC_IMPLICIT_RETAIN_SELF = YES;
				CLANG_WARN_OBJC_LITERAL_CONVERSION = YES;
				CLANG_WARN_OBJC_ROOT_CLASS = YES_ERROR;
				CLANG_WARN_QUOTED_INCLUDE_IN_FRAMEWORK_HEADER = YES;
				CLANG_WARN_RANGE_LOOP_ANALYSIS = YES;
				CLANG_WARN_STRICT_PROTOTYPES = YES;
				CLANG_WARN_SUSPICIOUS_MOVE = YES;
				CLANG_WARN_UNGUARDED_AVAILABILITY = YES_AGGRESSIVE;
				CLANG_WARN_UNREACHABLE_CODE = YES;
				CLANG_WARN__DUPLICATE_METHOD_MATCH = YES;
				CODE_SIGN_IDENTITY = "";
				CODE_SIGN_INJECT_BASE_ENTITLEMENTS = NO;
				CODE_SIGN_STYLE = Manual;
				COPY_PHASE_STRIP = NO;
				DEBUG_INFORMATION_FORMAT = "dwarf-with-dsym";
				ENABLE_NS_ASSERTIONS = NO;
				ENABLE_STRICT_OBJC_MSGSEND = YES;
				GCC_C_LANGUAGE_STANDARD = gnu11;
				GCC_NO_COMMON_BLOCKS = YES;
				GCC_WARN_64_TO_32_BIT_CONVERSION = YES;
				GCC_WARN_ABOUT_RETURN_TYPE = YES_ERROR;
				GCC_WARN_UNDECLARED_SELECTOR = YES;
				GCC_WARN_UNINITIALIZED_AUTOS = YES_AGGRESSIVE;
				GCC_WARN_UNUSED_FUNCTION = YES;
				GCC_WARN_UNUSED_VARIABLE = YES;
				MACOSX_DEPLOYMENT_TARGET = 10.12;
				MTL_ENABLE_DEBUG_INFO = NO;
				SDKROOT = macosx;
				SWIFT_OPTIMIZATION_LEVEL = "-Owholemodule";
			};
			name = Release;
		};
		5A3C161F200E30C2004E281A /* Debug */ = {
			isa = XCBuildConfiguration;
			buildSettings = {
				ASSETCATALOG_COMPILER_APPICON_NAME = AppIcon;
				CODE_SIGN_IDENTITY = "-";
				CODE_SIGN_STYLE = Manual;
				COMBINE_HIDPI_IMAGES = YES;
				DEVELOPMENT_TEAM = "";
				INFOPLIST_FILE = NeutronGeometry/Info.plist;
				LD_RUNPATH_SEARCH_PATHS = "$(inherited) @executable_path/../Frameworks";
				MACOSX_DEPLOYMENT_TARGET = 10.12;
				PRODUCT_BUNDLE_IDENTIFIER = com.jinr.NeutronGeometry;
				PRODUCT_NAME = "$(TARGET_NAME)";
				PROVISIONING_PROFILE_SPECIFIER = "";
				SWIFT_VERSION = 5.0;
			};
			name = Debug;
		};
		5A3C1620200E30C2004E281A /* Release */ = {
			isa = XCBuildConfiguration;
			buildSettings = {
				ASSETCATALOG_COMPILER_APPICON_NAME = AppIcon;
				CODE_SIGN_IDENTITY = "-";
				CODE_SIGN_STYLE = Manual;
				COMBINE_HIDPI_IMAGES = YES;
				DEVELOPMENT_TEAM = "";
				INFOPLIST_FILE = NeutronGeometry/Info.plist;
				LD_RUNPATH_SEARCH_PATHS = "$(inherited) @executable_path/../Frameworks";
				MACOSX_DEPLOYMENT_TARGET = 10.12;
				PRODUCT_BUNDLE_IDENTIFIER = com.jinr.NeutronGeometry;
				PRODUCT_NAME = "$(TARGET_NAME)";
				PROVISIONING_PROFILE_SPECIFIER = "";
				SWIFT_VERSION = 5.0;
			};
			name = Release;
		};
/* End XCBuildConfiguration section */

/* Begin XCConfigurationList section */
		5A3C1609200E30C1004E281A /* Build configuration list for PBXProject "NeutronGeometry" */ = {
			isa = XCConfigurationList;
			buildConfigurations = (
				5A3C161C200E30C2004E281A /* Debug */,
				5A3C161D200E30C2004E281A /* Release */,
			);
			defaultConfigurationIsVisible = 0;
			defaultConfigurationName = Release;
		};
		5A3C161E200E30C2004E281A /* Build configuration list for PBXNativeTarget "NeutronGeometry" */ = {
			isa = XCConfigurationList;
			buildConfigurations = (
				5A3C161F200E30C2004E281A /* Debug */,
				5A3C1620200E30C2004E281A /* Release */,
			);
			defaultConfigurationIsVisible = 0;
			defaultConfigurationName = Release;
		};
/* End XCConfigurationList section */
	};
	rootObject = 5A3C1606200E30C1004E281A /* Project object */;
}
